// !$*UTF8*$!
{
	archiveVersion = 1;
	classes = {
	};
	objectVersion = 56;
	objects = {

/* Begin PBXBuildFile section */
		F528D1F72AF275E600763EF5 /* Todo_with_kuy_maxApp.swift in Sources */ = {isa = PBXBuildFile; fileRef = F528D1F62AF275E600763EF5 /* Todo_with_kuy_maxApp.swift */; };
		F528D1F92AF275E600763EF5 /* ContentView.swift in Sources */ = {isa = PBXBuildFile; fileRef = F528D1F82AF275E600763EF5 /* ContentView.swift */; };
		F528D1FB2AF275E700763EF5 /* Assets.xcassets in Resources */ = {isa = PBXBuildFile; fileRef = F528D1FA2AF275E700763EF5 /* Assets.xcassets */; };
		F528D1FF2AF275E700763EF5 /* Preview Assets.xcassets in Resources */ = {isa = PBXBuildFile; fileRef = F528D1FE2AF275E700763EF5 /* Preview Assets.xcassets */; };
		F528D2092AF275E700763EF5 /* Todo_with_kuy_maxTests.swift in Sources */ = {isa = PBXBuildFile; fileRef = F528D2082AF275E700763EF5 /* Todo_with_kuy_maxTests.swift */; };
		F528D2132AF275E700763EF5 /* Todo_with_kuy_maxUITests.swift in Sources */ = {isa = PBXBuildFile; fileRef = F528D2122AF275E700763EF5 /* Todo_with_kuy_maxUITests.swift */; };
		F528D2152AF275E700763EF5 /* Todo_with_kuy_maxUITestsLaunchTests.swift in Sources */ = {isa = PBXBuildFile; fileRef = F528D2142AF275E700763EF5 /* Todo_with_kuy_maxUITestsLaunchTests.swift */; };
/* End PBXBuildFile section */

/* Begin PBXContainerItemProxy section */
		F528D2052AF275E700763EF5 /* PBXContainerItemProxy */ = {
			isa = PBXContainerItemProxy;
			containerPortal = F528D1EB2AF275E600763EF5 /* Project object */;
			proxyType = 1;
			remoteGlobalIDString = F528D1F22AF275E600763EF5;
			remoteInfo = "Todo-with-kuy-max";
		};
		F528D20F2AF275E700763EF5 /* PBXContainerItemProxy */ = {
			isa = PBXContainerItemProxy;
			containerPortal = F528D1EB2AF275E600763EF5 /* Project object */;
			proxyType = 1;
			remoteGlobalIDString = F528D1F22AF275E600763EF5;
			remoteInfo = "Todo-with-kuy-max";
		};
/* End PBXContainerItemProxy section */

/* Begin PBXFileReference section */
		F528D1F32AF275E600763EF5 /* Todo-with-kuy-max.app */ = {isa = PBXFileReference; explicitFileType = wrapper.application; includeInIndex = 0; path = "Todo-with-kuy-max.app"; sourceTree = BUILT_PRODUCTS_DIR; };
		F528D1F62AF275E600763EF5 /* Todo_with_kuy_maxApp.swift */ = {isa = PBXFileReference; lastKnownFileType = sourcecode.swift; path = Todo_with_kuy_maxApp.swift; sourceTree = "<group>"; };
		F528D1F82AF275E600763EF5 /* ContentView.swift */ = {isa = PBXFileReference; lastKnownFileType = sourcecode.swift; path = ContentView.swift; sourceTree = "<group>"; };
		F528D1FA2AF275E700763EF5 /* Assets.xcassets */ = {isa = PBXFileReference; lastKnownFileType = folder.assetcatalog; path = Assets.xcassets; sourceTree = "<group>"; };
		F528D1FC2AF275E700763EF5 /* Todo_with_kuy_max.entitlements */ = {isa = PBXFileReference; lastKnownFileType = text.plist.entitlements; path = Todo_with_kuy_max.entitlements; sourceTree = "<group>"; };
		F528D1FE2AF275E700763EF5 /* Preview Assets.xcassets */ = {isa = PBXFileReference; lastKnownFileType = folder.assetcatalog; path = "Preview Assets.xcassets"; sourceTree = "<group>"; };
		F528D2042AF275E700763EF5 /* Todo-with-kuy-maxTests.xctest */ = {isa = PBXFileReference; explicitFileType = wrapper.cfbundle; includeInIndex = 0; path = "Todo-with-kuy-maxTests.xctest"; sourceTree = BUILT_PRODUCTS_DIR; };
		F528D2082AF275E700763EF5 /* Todo_with_kuy_maxTests.swift */ = {isa = PBXFileReference; lastKnownFileType = sourcecode.swift; path = Todo_with_kuy_maxTests.swift; sourceTree = "<group>"; };
		F528D20E2AF275E700763EF5 /* Todo-with-kuy-maxUITests.xctest */ = {isa = PBXFileReference; explicitFileType = wrapper.cfbundle; includeInIndex = 0; path = "Todo-with-kuy-maxUITests.xctest"; sourceTree = BUILT_PRODUCTS_DIR; };
		F528D2122AF275E700763EF5 /* Todo_with_kuy_maxUITests.swift */ = {isa = PBXFileReference; lastKnownFileType = sourcecode.swift; path = Todo_with_kuy_maxUITests.swift; sourceTree = "<group>"; };
		F528D2142AF275E700763EF5 /* Todo_with_kuy_maxUITestsLaunchTests.swift */ = {isa = PBXFileReference; lastKnownFileType = sourcecode.swift; path = Todo_with_kuy_maxUITestsLaunchTests.swift; sourceTree = "<group>"; };
/* End PBXFileReference section */

/* Begin PBXFrameworksBuildPhase section */
		F528D1F02AF275E600763EF5 /* Frameworks */ = {
			isa = PBXFrameworksBuildPhase;
			buildActionMask = 2147483647;
			files = (
			);
			runOnlyForDeploymentPostprocessing = 0;
		};
		F528D2012AF275E700763EF5 /* Frameworks */ = {
			isa = PBXFrameworksBuildPhase;
			buildActionMask = 2147483647;
			files = (
			);
			runOnlyForDeploymentPostprocessing = 0;
		};
		F528D20B2AF275E700763EF5 /* Frameworks */ = {
			isa = PBXFrameworksBuildPhase;
			buildActionMask = 2147483647;
			files = (
			);
			runOnlyForDeploymentPostprocessing = 0;
		};
/* End PBXFrameworksBuildPhase section */

/* Begin PBXGroup section */
		F528D1EA2AF275E600763EF5 = {
			isa = PBXGroup;
			children = (
				F528D1F52AF275E600763EF5 /* Todo-with-kuy-max */,
				F528D2072AF275E700763EF5 /* Todo-with-kuy-maxTests */,
				F528D2112AF275E700763EF5 /* Todo-with-kuy-maxUITests */,
				F528D1F42AF275E600763EF5 /* Products */,
			);
			sourceTree = "<group>";
		};
		F528D1F42AF275E600763EF5 /* Products */ = {
			isa = PBXGroup;
			children = (
				F528D1F32AF275E600763EF5 /* Todo-with-kuy-max.app */,
				F528D2042AF275E700763EF5 /* Todo-with-kuy-maxTests.xctest */,
				F528D20E2AF275E700763EF5 /* Todo-with-kuy-maxUITests.xctest */,
			);
			name = Products;
			sourceTree = "<group>";
		};
		F528D1F52AF275E600763EF5 /* Todo-with-kuy-max */ = {
			isa = PBXGroup;
			children = (
				F528D1F62AF275E600763EF5 /* Todo_with_kuy_maxApp.swift */,
				F528D1F82AF275E600763EF5 /* ContentView.swift */,
				F528D1FA2AF275E700763EF5 /* Assets.xcassets */,
				F528D1FC2AF275E700763EF5 /* Todo_with_kuy_max.entitlements */,
				F528D1FD2AF275E700763EF5 /* Preview Content */,
			);
			path = "Todo-with-kuy-max";
			sourceTree = "<group>";
		};
		F528D1FD2AF275E700763EF5 /* Preview Content */ = {
			isa = PBXGroup;
			children = (
				F528D1FE2AF275E700763EF5 /* Preview Assets.xcassets */,
			);
			path = "Preview Content";
			sourceTree = "<group>";
		};
		F528D2072AF275E700763EF5 /* Todo-with-kuy-maxTests */ = {
			isa = PBXGroup;
			children = (
				F528D2082AF275E700763EF5 /* Todo_with_kuy_maxTests.swift */,
			);
			path = "Todo-with-kuy-maxTests";
			sourceTree = "<group>";
		};
		F528D2112AF275E700763EF5 /* Todo-with-kuy-maxUITests */ = {
			isa = PBXGroup;
			children = (
				F528D2122AF275E700763EF5 /* Todo_with_kuy_maxUITests.swift */,
				F528D2142AF275E700763EF5 /* Todo_with_kuy_maxUITestsLaunchTests.swift */,
			);
			path = "Todo-with-kuy-maxUITests";
			sourceTree = "<group>";
		};
/* End PBXGroup section */

/* Begin PBXNativeTarget section */
		F528D1F22AF275E600763EF5 /* Todo-with-kuy-max */ = {
			isa = PBXNativeTarget;
			buildConfigurationList = F528D2182AF275E700763EF5 /* Build configuration list for PBXNativeTarget "Todo-with-kuy-max" */;
			buildPhases = (
				F528D1EF2AF275E600763EF5 /* Sources */,
				F528D1F02AF275E600763EF5 /* Frameworks */,
				F528D1F12AF275E600763EF5 /* Resources */,
			);
			buildRules = (
			);
			dependencies = (
			);
			name = "Todo-with-kuy-max";
			productName = "Todo-with-kuy-max";
			productReference = F528D1F32AF275E600763EF5 /* Todo-with-kuy-max.app */;
			productType = "com.apple.product-type.application";
		};
		F528D2032AF275E700763EF5 /* Todo-with-kuy-maxTests */ = {
			isa = PBXNativeTarget;
			buildConfigurationList = F528D21B2AF275E700763EF5 /* Build configuration list for PBXNativeTarget "Todo-with-kuy-maxTests" */;
			buildPhases = (
				F528D2002AF275E700763EF5 /* Sources */,
				F528D2012AF275E700763EF5 /* Frameworks */,
				F528D2022AF275E700763EF5 /* Resources */,
			);
			buildRules = (
			);
			dependencies = (
				F528D2062AF275E700763EF5 /* PBXTargetDependency */,
			);
			name = "Todo-with-kuy-maxTests";
			productName = "Todo-with-kuy-maxTests";
			productReference = F528D2042AF275E700763EF5 /* Todo-with-kuy-maxTests.xctest */;
			productType = "com.apple.product-type.bundle.unit-test";
		};
		F528D20D2AF275E700763EF5 /* Todo-with-kuy-maxUITests */ = {
			isa = PBXNativeTarget;
			buildConfigurationList = F528D21E2AF275E700763EF5 /* Build configuration list for PBXNativeTarget "Todo-with-kuy-maxUITests" */;
			buildPhases = (
				F528D20A2AF275E700763EF5 /* Sources */,
				F528D20B2AF275E700763EF5 /* Frameworks */,
				F528D20C2AF275E700763EF5 /* Resources */,
			);
			buildRules = (
			);
			dependencies = (
				F528D2102AF275E700763EF5 /* PBXTargetDependency */,
			);
			name = "Todo-with-kuy-maxUITests";
			productName = "Todo-with-kuy-maxUITests";
			productReference = F528D20E2AF275E700763EF5 /* Todo-with-kuy-maxUITests.xctest */;
			productType = "com.apple.product-type.bundle.ui-testing";
		};
/* End PBXNativeTarget section */

/* Begin PBXProject section */
		F528D1EB2AF275E600763EF5 /* Project object */ = {
			isa = PBXProject;
			attributes = {
				BuildIndependentTargetsInParallel = 1;
				LastSwiftUpdateCheck = 1510;
				LastUpgradeCheck = 1510;
				TargetAttributes = {
					F528D1F22AF275E600763EF5 = {
						CreatedOnToolsVersion = 15.1;
					};
					F528D2032AF275E700763EF5 = {
						CreatedOnToolsVersion = 15.1;
						TestTargetID = F528D1F22AF275E600763EF5;
					};
					F528D20D2AF275E700763EF5 = {
						CreatedOnToolsVersion = 15.1;
						TestTargetID = F528D1F22AF275E600763EF5;
					};
				};
			};
			buildConfigurationList = F528D1EE2AF275E600763EF5 /* Build configuration list for PBXProject "Todo-with-kuy-max" */;
			compatibilityVersion = "Xcode 14.0";
			developmentRegion = en;
			hasScannedForEncodings = 0;
			knownRegions = (
				en,
				Base,
			);
			mainGroup = F528D1EA2AF275E600763EF5;
			productRefGroup = F528D1F42AF275E600763EF5 /* Products */;
			projectDirPath = "";
			projectRoot = "";
			targets = (
				F528D1F22AF275E600763EF5 /* Todo-with-kuy-max */,
				F528D2032AF275E700763EF5 /* Todo-with-kuy-maxTests */,
				F528D20D2AF275E700763EF5 /* Todo-with-kuy-maxUITests */,
			);
		};
/* End PBXProject section */

/* Begin PBXResourcesBuildPhase section */
		F528D1F12AF275E600763EF5 /* Resources */ = {
			isa = PBXResourcesBuildPhase;
			buildActionMask = 2147483647;
			files = (
				F528D1FF2AF275E700763EF5 /* Preview Assets.xcassets in Resources */,
				F528D1FB2AF275E700763EF5 /* Assets.xcassets in Resources */,
			);
			runOnlyForDeploymentPostprocessing = 0;
		};
		F528D2022AF275E700763EF5 /* Resources */ = {
			isa = PBXResourcesBuildPhase;
			buildActionMask = 2147483647;
			files = (
			);
			runOnlyForDeploymentPostprocessing = 0;
		};
		F528D20C2AF275E700763EF5 /* Resources */ = {
			isa = PBXResourcesBuildPhase;
			buildActionMask = 2147483647;
			files = (
			);
			runOnlyForDeploymentPostprocessing = 0;
		};
/* End PBXResourcesBuildPhase section */

/* Begin PBXSourcesBuildPhase section */
		F528D1EF2AF275E600763EF5 /* Sources */ = {
			isa = PBXSourcesBuildPhase;
			buildActionMask = 2147483647;
			files = (
				F528D1F92AF275E600763EF5 /* ContentView.swift in Sources */,
				F528D1F72AF275E600763EF5 /* Todo_with_kuy_maxApp.swift in Sources */,
			);
			runOnlyForDeploymentPostprocessing = 0;
		};
		F528D2002AF275E700763EF5 /* Sources */ = {
			isa = PBXSourcesBuildPhase;
			buildActionMask = 2147483647;
			files = (
				F528D2092AF275E700763EF5 /* Todo_with_kuy_maxTests.swift in Sources */,
			);
			runOnlyForDeploymentPostprocessing = 0;
		};
		F528D20A2AF275E700763EF5 /* Sources */ = {
			isa = PBXSourcesBuildPhase;
			buildActionMask = 2147483647;
			files = (
				F528D2132AF275E700763EF5 /* Todo_with_kuy_maxUITests.swift in Sources */,
				F528D2152AF275E700763EF5 /* Todo_with_kuy_maxUITestsLaunchTests.swift in Sources */,
			);
			runOnlyForDeploymentPostprocessing = 0;
		};
/* End PBXSourcesBuildPhase section */

/* Begin PBXTargetDependency section */
		F528D2062AF275E700763EF5 /* PBXTargetDependency */ = {
			isa = PBXTargetDependency;
			target = F528D1F22AF275E600763EF5 /* Todo-with-kuy-max */;
			targetProxy = F528D2052AF275E700763EF5 /* PBXContainerItemProxy */;
		};
		F528D2102AF275E700763EF5 /* PBXTargetDependency */ = {
			isa = PBXTargetDependency;
			target = F528D1F22AF275E600763EF5 /* Todo-with-kuy-max */;
			targetProxy = F528D20F2AF275E700763EF5 /* PBXContainerItemProxy */;
		};
/* End PBXTargetDependency section */

/* Begin XCBuildConfiguration section */
		F528D2162AF275E700763EF5 /* Debug */ = {
			isa = XCBuildConfiguration;
			buildSettings = {
				ALWAYS_SEARCH_USER_PATHS = NO;
				ASSETCATALOG_COMPILER_GENERATE_SWIFT_ASSET_SYMBOL_EXTENSIONS = YES;
				CLANG_ANALYZER_NONNULL = YES;
				CLANG_ANALYZER_NUMBER_OBJECT_CONVERSION = YES_AGGRESSIVE;
				CLANG_CXX_LANGUAGE_STANDARD = "gnu++20";
				CLANG_ENABLE_MODULES = YES;
				CLANG_ENABLE_OBJC_ARC = YES;
				CLANG_ENABLE_OBJC_WEAK = YES;
				CLANG_WARN_BLOCK_CAPTURE_AUTORELEASING = YES;
				CLANG_WARN_BOOL_CONVERSION = YES;
				CLANG_WARN_COMMA = YES;
				CLANG_WARN_CONSTANT_CONVERSION = YES;
				CLANG_WARN_DEPRECATED_OBJC_IMPLEMENTATIONS = YES;
				CLANG_WARN_DIRECT_OBJC_ISA_USAGE = YES_ERROR;
				CLANG_WARN_DOCUMENTATION_COMMENTS = YES;
				CLANG_WARN_EMPTY_BODY = YES;
				CLANG_WARN_ENUM_CONVERSION = YES;
				CLANG_WARN_INFINITE_RECURSION = YES;
				CLANG_WARN_INT_CONVERSION = YES;
				CLANG_WARN_NON_LITERAL_NULL_CONVERSION = YES;
				CLANG_WARN_OBJC_IMPLICIT_RETAIN_SELF = YES;
				CLANG_WARN_OBJC_LITERAL_CONVERSION = YES;
				CLANG_WARN_OBJC_ROOT_CLASS = YES_ERROR;
				CLANG_WARN_QUOTED_INCLUDE_IN_FRAMEWORK_HEADER = YES;
				CLANG_WARN_RANGE_LOOP_ANALYSIS = YES;
				CLANG_WARN_STRICT_PROTOTYPES = YES;
				CLANG_WARN_SUSPICIOUS_MOVE = YES;
				CLANG_WARN_UNGUARDED_AVAILABILITY = YES_AGGRESSIVE;
				CLANG_WARN_UNREACHABLE_CODE = YES;
				CLANG_WARN__DUPLICATE_METHOD_MATCH = YES;
				COPY_PHASE_STRIP = NO;
				DEBUG_INFORMATION_FORMAT = dwarf;
				ENABLE_STRICT_OBJC_MSGSEND = YES;
				ENABLE_TESTABILITY = YES;
				ENABLE_USER_SCRIPT_SANDBOXING = YES;
				GCC_C_LANGUAGE_STANDARD = gnu17;
				GCC_DYNAMIC_NO_PIC = NO;
				GCC_NO_COMMON_BLOCKS = YES;
				GCC_OPTIMIZATION_LEVEL = 0;
				GCC_PREPROCESSOR_DEFINITIONS = (
					"DEBUG=1",
					"$(inherited)",
				);
				GCC_WARN_64_TO_32_BIT_CONVERSION = YES;
				GCC_WARN_ABOUT_RETURN_TYPE = YES_ERROR;
				GCC_WARN_UNDECLARED_SELECTOR = YES;
				GCC_WARN_UNINITIALIZED_AUTOS = YES_AGGRESSIVE;
				GCC_WARN_UNUSED_FUNCTION = YES;
				GCC_WARN_UNUSED_VARIABLE = YES;
				LOCALIZATION_PREFERS_STRING_CATALOGS = YES;
				MTL_ENABLE_DEBUG_INFO = INCLUDE_SOURCE;
				MTL_FAST_MATH = YES;
				ONLY_ACTIVE_ARCH = YES;
				SWIFT_ACTIVE_COMPILATION_CONDITIONS = "DEBUG $(inherited)";
				SWIFT_OPTIMIZATION_LEVEL = "-Onone";
			};
			name = Debug;
		};
		F528D2172AF275E700763EF5 /* Release */ = {
			isa = XCBuildConfiguration;
			buildSettings = {
				ALWAYS_SEARCH_USER_PATHS = NO;
				ASSETCATALOG_COMPILER_GENERATE_SWIFT_ASSET_SYMBOL_EXTENSIONS = YES;
				CLANG_ANALYZER_NONNULL = YES;
				CLANG_ANALYZER_NUMBER_OBJECT_CONVERSION = YES_AGGRESSIVE;
				CLANG_CXX_LANGUAGE_STANDARD = "gnu++20";
				CLANG_ENABLE_MODULES = YES;
				CLANG_ENABLE_OBJC_ARC = YES;
				CLANG_ENABLE_OBJC_WEAK = YES;
				CLANG_WARN_BLOCK_CAPTURE_AUTORELEASING = YES;
				CLANG_WARN_BOOL_CONVERSION = YES;
				CLANG_WARN_COMMA = YES;
				CLANG_WARN_CONSTANT_CONVERSION = YES;
				CLANG_WARN_DEPRECATED_OBJC_IMPLEMENTATIONS = YES;
				CLANG_WARN_DIRECT_OBJC_ISA_USAGE = YES_ERROR;
				CLANG_WARN_DOCUMENTATION_COMMENTS = YES;
				CLANG_WARN_EMPTY_BODY = YES;
				CLANG_WARN_ENUM_CONVERSION = YES;
				CLANG_WARN_INFINITE_RECURSION = YES;
				CLANG_WARN_INT_CONVERSION = YES;
				CLANG_WARN_NON_LITERAL_NULL_CONVERSION = YES;
				CLANG_WARN_OBJC_IMPLICIT_RETAIN_SELF = YES;
				CLANG_WARN_OBJC_LITERAL_CONVERSION = YES;
				CLANG_WARN_OBJC_ROOT_CLASS = YES_ERROR;
				CLANG_WARN_QUOTED_INCLUDE_IN_FRAMEWORK_HEADER = YES;
				CLANG_WARN_RANGE_LOOP_ANALYSIS = YES;
				CLANG_WARN_STRICT_PROTOTYPES = YES;
				CLANG_WARN_SUSPICIOUS_MOVE = YES;
				CLANG_WARN_UNGUARDED_AVAILABILITY = YES_AGGRESSIVE;
				CLANG_WARN_UNREACHABLE_CODE = YES;
				CLANG_WARN__DUPLICATE_METHOD_MATCH = YES;
				COPY_PHASE_STRIP = NO;
				DEBUG_INFORMATION_FORMAT = "dwarf-with-dsym";
				ENABLE_NS_ASSERTIONS = NO;
				ENABLE_STRICT_OBJC_MSGSEND = YES;
				ENABLE_USER_SCRIPT_SANDBOXING = YES;
				GCC_C_LANGUAGE_STANDARD = gnu17;
				GCC_NO_COMMON_BLOCKS = YES;
				GCC_WARN_64_TO_32_BIT_CONVERSION = YES;
				GCC_WARN_ABOUT_RETURN_TYPE = YES_ERROR;
				GCC_WARN_UNDECLARED_SELECTOR = YES;
				GCC_WARN_UNINITIALIZED_AUTOS = YES_AGGRESSIVE;
				GCC_WARN_UNUSED_FUNCTION = YES;
				GCC_WARN_UNUSED_VARIABLE = YES;
				LOCALIZATION_PREFERS_STRING_CATALOGS = YES;
				MTL_ENABLE_DEBUG_INFO = NO;
				MTL_FAST_MATH = YES;
				SWIFT_COMPILATION_MODE = wholemodule;
			};
			name = Release;
		};
		F528D2192AF275E700763EF5 /* Debug */ = {
			isa = XCBuildConfiguration;
			buildSettings = {
				ASSETCATALOG_COMPILER_APPICON_NAME = AppIcon;
				ASSETCATALOG_COMPILER_GLOBAL_ACCENT_COLOR_NAME = AccentColor;
				CODE_SIGN_ENTITLEMENTS = "Todo-with-kuy-max/Todo_with_kuy_max.entitlements";
				CODE_SIGN_STYLE = Automatic;
				CURRENT_PROJECT_VERSION = 1;
				DEVELOPMENT_ASSET_PATHS = "\"Todo-with-kuy-max/Preview Content\"";
				ENABLE_PREVIEWS = YES;
				GENERATE_INFOPLIST_FILE = YES;
				"INFOPLIST_KEY_UIApplicationSceneManifest_Generation[sdk=iphoneos*]" = YES;
				"INFOPLIST_KEY_UIApplicationSceneManifest_Generation[sdk=iphonesimulator*]" = YES;
				"INFOPLIST_KEY_UIApplicationSupportsIndirectInputEvents[sdk=iphoneos*]" = YES;
				"INFOPLIST_KEY_UIApplicationSupportsIndirectInputEvents[sdk=iphonesimulator*]" = YES;
				"INFOPLIST_KEY_UILaunchScreen_Generation[sdk=iphoneos*]" = YES;
				"INFOPLIST_KEY_UILaunchScreen_Generation[sdk=iphonesimulator*]" = YES;
				"INFOPLIST_KEY_UIStatusBarStyle[sdk=iphoneos*]" = UIStatusBarStyleDefault;
				"INFOPLIST_KEY_UIStatusBarStyle[sdk=iphonesimulator*]" = UIStatusBarStyleDefault;
				INFOPLIST_KEY_UISupportedInterfaceOrientations_iPad = "UIInterfaceOrientationPortrait UIInterfaceOrientationPortraitUpsideDown UIInterfaceOrientationLandscapeLeft UIInterfaceOrientationLandscapeRight";
				INFOPLIST_KEY_UISupportedInterfaceOrientations_iPhone = "UIInterfaceOrientationPortrait UIInterfaceOrientationLandscapeLeft UIInterfaceOrientationLandscapeRight";
				IPHONEOS_DEPLOYMENT_TARGET = 17.2;
				LD_RUNPATH_SEARCH_PATHS = "@executable_path/Frameworks";
				"LD_RUNPATH_SEARCH_PATHS[sdk=macosx*]" = "@executable_path/../Frameworks";
				MACOSX_DEPLOYMENT_TARGET = 14.2;
				MARKETING_VERSION = 1.0;
				PRODUCT_BUNDLE_IDENTIFIER = "com.am.Todo-with-kuy-max";
				PRODUCT_NAME = "$(TARGET_NAME)";
				SDKROOT = auto;
				SUPPORTED_PLATFORMS = "iphoneos iphonesimulator macosx";
				SWIFT_EMIT_LOC_STRINGS = YES;
				SWIFT_VERSION = 5.0;
				TARGETED_DEVICE_FAMILY = "1,2";
			};
			name = Debug;
		};
		F528D21A2AF275E700763EF5 /* Release */ = {
			isa = XCBuildConfiguration;
			buildSettings = {
				ASSETCATALOG_COMPILER_APPICON_NAME = AppIcon;
				ASSETCATALOG_COMPILER_GLOBAL_ACCENT_COLOR_NAME = AccentColor;
				CODE_SIGN_ENTITLEMENTS = "Todo-with-kuy-max/Todo_with_kuy_max.entitlements";
				CODE_SIGN_STYLE = Automatic;
				CURRENT_PROJECT_VERSION = 1;
				DEVELOPMENT_ASSET_PATHS = "\"Todo-with-kuy-max/Preview Content\"";
				ENABLE_PREVIEWS = YES;
				GENERATE_INFOPLIST_FILE = YES;
				"INFOPLIST_KEY_UIApplicationSceneManifest_Generation[sdk=iphoneos*]" = YES;
				"INFOPLIST_KEY_UIApplicationSceneManifest_Generation[sdk=iphonesimulator*]" = YES;
				"INFOPLIST_KEY_UIApplicationSupportsIndirectInputEvents[sdk=iphoneos*]" = YES;
				"INFOPLIST_KEY_UIApplicationSupportsIndirectInputEvents[sdk=iphonesimulator*]" = YES;
				"INFOPLIST_KEY_UILaunchScreen_Generation[sdk=iphoneos*]" = YES;
				"INFOPLIST_KEY_UILaunchScreen_Generation[sdk=iphonesimulator*]" = YES;
				"INFOPLIST_KEY_UIStatusBarStyle[sdk=iphoneos*]" = UIStatusBarStyleDefault;
				"INFOPLIST_KEY_UIStatusBarStyle[sdk=iphonesimulator*]" = UIStatusBarStyleDefault;
				INFOPLIST_KEY_UISupportedInterfaceOrientations_iPad = "UIInterfaceOrientationPortrait UIInterfaceOrientationPortraitUpsideDown UIInterfaceOrientationLandscapeLeft UIInterfaceOrientationLandscapeRight";
				INFOPLIST_KEY_UISupportedInterfaceOrientations_iPhone = "UIInterfaceOrientationPortrait UIInterfaceOrientationLandscapeLeft UIInterfaceOrientationLandscapeRight";
				IPHONEOS_DEPLOYMENT_TARGET = 17.2;
				LD_RUNPATH_SEARCH_PATHS = "@executable_path/Frameworks";
				"LD_RUNPATH_SEARCH_PATHS[sdk=macosx*]" = "@executable_path/../Frameworks";
				MACOSX_DEPLOYMENT_TARGET = 14.2;
				MARKETING_VERSION = 1.0;
				PRODUCT_BUNDLE_IDENTIFIER = "com.am.Todo-with-kuy-max";
				PRODUCT_NAME = "$(TARGET_NAME)";
				SDKROOT = auto;
				SUPPORTED_PLATFORMS = "iphoneos iphonesimulator macosx";
				SWIFT_EMIT_LOC_STRINGS = YES;
				SWIFT_VERSION = 5.0;
				TARGETED_DEVICE_FAMILY = "1,2";
			};
			name = Release;
		};
		F528D21C2AF275E700763EF5 /* Debug */ = {
			isa = XCBuildConfiguration;
			buildSettings = {
				ALWAYS_EMBED_SWIFT_STANDARD_LIBRARIES = YES;
				BUNDLE_LOADER = "$(TEST_HOST)";
				CODE_SIGN_STYLE = Automatic;
				CURRENT_PROJECT_VERSION = 1;
				GENERATE_INFOPLIST_FILE = YES;
				IPHONEOS_DEPLOYMENT_TARGET = 17.2;
				MACOSX_DEPLOYMENT_TARGET = 14.2;
				MARKETING_VERSION = 1.0;
				PRODUCT_BUNDLE_IDENTIFIER = "com.am.Todo-with-kuy-maxTests";
				PRODUCT_NAME = "$(TARGET_NAME)";
				SDKROOT = auto;
				SUPPORTED_PLATFORMS = "iphoneos iphonesimulator macosx";
				SWIFT_EMIT_LOC_STRINGS = NO;
				SWIFT_VERSION = 5.0;
				TARGETED_DEVICE_FAMILY = "1,2";
				TEST_HOST = "$(BUILT_PRODUCTS_DIR)/Todo-with-kuy-max.app/$(BUNDLE_EXECUTABLE_FOLDER_PATH)/Todo-with-kuy-max";
			};
			name = Debug;
		};
		F528D21D2AF275E700763EF5 /* Release */ = {
			isa = XCBuildConfiguration;
			buildSettings = {
				ALWAYS_EMBED_SWIFT_STANDARD_LIBRARIES = YES;
				BUNDLE_LOADER = "$(TEST_HOST)";
				CODE_SIGN_STYLE = Automatic;
				CURRENT_PROJECT_VERSION = 1;
				GENERATE_INFOPLIST_FILE = YES;
				IPHONEOS_DEPLOYMENT_TARGET = 17.2;
				MACOSX_DEPLOYMENT_TARGET = 14.2;
				MARKETING_VERSION = 1.0;
				PRODUCT_BUNDLE_IDENTIFIER = "com.am.Todo-with-kuy-maxTests";
				PRODUCT_NAME = "$(TARGET_NAME)";
				SDKROOT = auto;
				SUPPORTED_PLATFORMS = "iphoneos iphonesimulator macosx";
				SWIFT_EMIT_LOC_STRINGS = NO;
				SWIFT_VERSION = 5.0;
				TARGETED_DEVICE_FAMILY = "1,2";
				TEST_HOST = "$(BUILT_PRODUCTS_DIR)/Todo-with-kuy-max.app/$(BUNDLE_EXECUTABLE_FOLDER_PATH)/Todo-with-kuy-max";
			};
			name = Release;
		};
		F528D21F2AF275E700763EF5 /* Debug */ = {
			isa = XCBuildConfiguration;
			buildSettings = {
				ALWAYS_EMBED_SWIFT_STANDARD_LIBRARIES = YES;
				CODE_SIGN_STYLE = Automatic;
				CURRENT_PROJECT_VERSION = 1;
				GENERATE_INFOPLIST_FILE = YES;
				IPHONEOS_DEPLOYMENT_TARGET = 17.2;
				MACOSX_DEPLOYMENT_TARGET = 14.2;
				MARKETING_VERSION = 1.0;
				PRODUCT_BUNDLE_IDENTIFIER = "com.am.Todo-with-kuy-maxUITests";
				PRODUCT_NAME = "$(TARGET_NAME)";
				SDKROOT = auto;
				SUPPORTED_PLATFORMS = "iphoneos iphonesimulator macosx";
				SWIFT_EMIT_LOC_STRINGS = NO;
				SWIFT_VERSION = 5.0;
				TARGETED_DEVICE_FAMILY = "1,2";
				TEST_TARGET_NAME = "Todo-with-kuy-max";
			};
			name = Debug;
		};
		F528D2202AF275E700763EF5 /* Release */ = {
			isa = XCBuildConfiguration;
			buildSettings = {
				ALWAYS_EMBED_SWIFT_STANDARD_LIBRARIES = YES;
				CODE_SIGN_STYLE = Automatic;
				CURRENT_PROJECT_VERSION = 1;
				GENERATE_INFOPLIST_FILE = YES;
				IPHONEOS_DEPLOYMENT_TARGET = 17.2;
				MACOSX_DEPLOYMENT_TARGET = 14.2;
				MARKETING_VERSION = 1.0;
				PRODUCT_BUNDLE_IDENTIFIER = "com.am.Todo-with-kuy-maxUITests";
				PRODUCT_NAME = "$(TARGET_NAME)";
				SDKROOT = auto;
				SUPPORTED_PLATFORMS = "iphoneos iphonesimulator macosx";
				SWIFT_EMIT_LOC_STRINGS = NO;
				SWIFT_VERSION = 5.0;
				TARGETED_DEVICE_FAMILY = "1,2";
				TEST_TARGET_NAME = "Todo-with-kuy-max";
			};
			name = Release;
		};
/* End XCBuildConfiguration section */

/* Begin XCConfigurationList section */
		F528D1EE2AF275E600763EF5 /* Build configuration list for PBXProject "Todo-with-kuy-max" */ = {
			isa = XCConfigurationList;
			buildConfigurations = (
				F528D2162AF275E700763EF5 /* Debug */,
				F528D2172AF275E700763EF5 /* Release */,
			);
			defaultConfigurationIsVisible = 0;
			defaultConfigurationName = Release;
		};
		F528D2182AF275E700763EF5 /* Build configuration list for PBXNativeTarget "Todo-with-kuy-max" */ = {
			isa = XCConfigurationList;
			buildConfigurations = (
				F528D2192AF275E700763EF5 /* Debug */,
				F528D21A2AF275E700763EF5 /* Release */,
			);
			defaultConfigurationIsVisible = 0;
			defaultConfigurationName = Release;
		};
		F528D21B2AF275E700763EF5 /* Build configuration list for PBXNativeTarget "Todo-with-kuy-maxTests" */ = {
			isa = XCConfigurationList;
			buildConfigurations = (
				F528D21C2AF275E700763EF5 /* Debug */,
				F528D21D2AF275E700763EF5 /* Release */,
			);
			defaultConfigurationIsVisible = 0;
			defaultConfigurationName = Release;
		};
		F528D21E2AF275E700763EF5 /* Build configuration list for PBXNativeTarget "Todo-with-kuy-maxUITests" */ = {
			isa = XCConfigurationList;
			buildConfigurations = (
				F528D21F2AF275E700763EF5 /* Debug */,
				F528D2202AF275E700763EF5 /* Release */,
			);
			defaultConfigurationIsVisible = 0;
			defaultConfigurationName = Release;
		};
/* End XCConfigurationList section */
	};
	rootObject = F528D1EB2AF275E600763EF5 /* Project object */;
}
